
Microsoft Visual Studio Solution File, Format Version 9.00
# Visual Studio 2005
Project("{FAE04EC0-301F-11D3-BF4B-00C04F79EFBC}") = "eProcurement_BLL", "eProcurement_BLL\eProcurement_BLL.csproj", "{BACD6EE3-ABD7-4120-9750-C62EE830D5F0}"
EndProject
Project("{FAE04EC0-301F-11D3-BF4B-00C04F79EFBC}") = "eProcurement_DAL", "eProcurement_DAL\eProcurement_DAL.csproj", "{27E99553-CBFF-48C1-A103-10830F3A52EB}"
EndProject
Project("{E24C65DC-7377-472B-9ABA-BC803B73C61A}") = "D:\...\eProcurement\", "eProcurement\", "{53508E38-ACA2-42F4-BC15-FA0E3F8743C9}"
	ProjectSection(WebsiteProperties) = preProject
		ProjectReferences = "{BACD6EE3-ABD7-4120-9750-C62EE830D5F0}|eProcurement_BLL.dll;{27E99553-CBFF-48C1-A103-10830F3A52EB}|eProcurement_DAL.dll;"
		Debug.AspNetCompiler.VirtualPath = "/eProcurement"
		Debug.AspNetCompiler.PhysicalPath = "eProcurement\"
		Debug.AspNetCompiler.TargetPath = "PrecompiledWeb\eProcurement\"
		Debug.AspNetCompiler.Updateable = "true"
		Debug.AspNetCompiler.ForceOverwrite = "true"
		Debug.AspNetCompiler.FixedNames = "false"
		Debug.AspNetCompiler.Debug = "True"
		Release.AspNetCompiler.VirtualPath = "/eProcurement"
		Release.AspNetCompiler.PhysicalPath = "eProcurement\"
		Release.AspNetCompiler.TargetPath = "PrecompiledWeb\eProcurement\"
		Release.AspNetCompiler.Updateable = "true"
		Release.AspNetCompiler.ForceOverwrite = "true"
		Release.AspNetCompiler.FixedNames = "false"
		Release.AspNetCompiler.Debug = "False"
		VWDPort = "1642"
		DefaultWebSiteLanguage = "Visual C#"
	EndProjectSection
EndProject
Global
	GlobalSection(SolutionConfigurationPlatforms) = preSolution
		Debug|.NET = Debug|.NET
		Debug|Any CPU = Debug|Any CPU
		Debug|Mixed Platforms = Debug|Mixed Platforms
		Release|.NET = Release|.NET
		Release|Any CPU = Release|Any CPU
		Release|Mixed Platforms = Release|Mixed Platforms
	EndGlobalSection
	GlobalSection(ProjectConfigurationPlatforms) = postSolution
		{BACD6EE3-ABD7-4120-9750-C62EE830D5F0}.Debug|.NET.ActiveCfg = Debug|Any CPU
		{BACD6EE3-ABD7-4120-9750-C62EE830D5F0}.Debug|Any CPU.ActiveCfg = Debug|Any CPU
		{BACD6EE3-ABD7-4120-9750-C62EE830D5F0}.Debug|Any CPU.Build.0 = Debug|Any CPU
		{BACD6EE3-ABD7-4120-9750-C62EE830D5F0}.Debug|Mixed Platforms.ActiveCfg = Debug|Any CPU
		{BACD6EE3-ABD7-4120-9750-C62EE830D5F0}.Debug|Mixed Platforms.Build.0 = Debug|Any CPU
		{BACD6EE3-ABD7-4120-9750-C62EE830D5F0}.Release|.NET.ActiveCfg = Release|Any CPU
		{BACD6EE3-ABD7-4120-9750-C62EE830D5F0}.Release|Any CPU.ActiveCfg = Release|Any CPU
		{BACD6EE3-ABD7-4120-9750-C62EE830D5F0}.Release|Any CPU.Build.0 = Release|Any CPU
		{BACD6EE3-ABD7-4120-9750-C62EE830D5F0}.Release|Mixed Platforms.ActiveCfg = Release|Any CPU
		{BACD6EE3-ABD7-4120-9750-C62EE830D5F0}.Release|Mixed Platforms.Build.0 = Release|Any CPU
		{27E99553-CBFF-48C1-A103-10830F3A52EB}.Debug|.NET.ActiveCfg = Debug|Any CPU
		{27E99553-CBFF-48C1-A103-10830F3A52EB}.Debug|Any CPU.ActiveCfg = Debug|Any CPU
		{27E99553-CBFF-48C1-A103-10830F3A52EB}.Debug|Any CPU.Build.0 = Debug|Any CPU
		{27E99553-CBFF-48C1-A103-10830F3A52EB}.Debug|Mixed Platforms.ActiveCfg = Debug|Any CPU
		{27E99553-CBFF-48C1-A103-10830F3A52EB}.Debug|Mixed Platforms.Build.0 = Debug|Any CPU
		{27E99553-CBFF-48C1-A103-10830F3A52EB}.Release|.NET.ActiveCfg = Release|Any CPU
		{27E99553-CBFF-48C1-A103-10830F3A52EB}.Release|Any CPU.ActiveCfg = Release|Any CPU
		{27E99553-CBFF-48C1-A103-10830F3A52EB}.Release|Any CPU.Build.0 = Release|Any CPU
		{27E99553-CBFF-48C1-A103-10830F3A52EB}.Release|Mixed Platforms.ActiveCfg = Release|Any CPU
		{27E99553-CBFF-48C1-A103-10830F3A52EB}.Release|Mixed Platforms.Build.0 = Release|Any CPU
		{53508E38-ACA2-42F4-BC15-FA0E3F8743C9}.Debug|.NET.ActiveCfg = Debug|.NET
		{53508E38-ACA2-42F4-BC15-FA0E3F8743C9}.Debug|.NET.Build.0 = Debug|.NET
		{53508E38-ACA2-42F4-BC15-FA0E3F8743C9}.Debug|Any CPU.ActiveCfg = Debug|.NET
		{53508E38-ACA2-42F4-BC15-FA0E3F8743C9}.Debug|Mixed Platforms.ActiveCfg = Debug|.NET
		{53508E38-ACA2-42F4-BC15-FA0E3F8743C9}.Debug|Mixed Platforms.Build.0 = Debug|.NET
		{53508E38-ACA2-42F4-BC15-FA0E3F8743C9}.Release|.NET.ActiveCfg = Debug|.NET
		{53508E38-ACA2-42F4-BC15-FA0E3F8743C9}.Release|.NET.Build.0 = Debug|.NET
		{53508E38-ACA2-42F4-BC15-FA0E3F8743C9}.Release|Any CPU.ActiveCfg = Debug|.NET
		{53508E38-ACA2-42F4-BC15-FA0E3F8743C9}.Release|Mixed Platforms.ActiveCfg = Debug|.NET
		{53508E38-ACA2-42F4-BC15-FA0E3F8743C9}.Release|Mixed Platforms.Build.0 = Debug|.NET
	EndGlobalSection
	GlobalSection(SolutionProperties) = preSolution
		HideSolutionNode = FALSE
	EndGlobalSection
EndGlobal
